{
  "originHash" : "2c2c58b92fa4fc26ab01fb3d9e548c91557380e0a84ee23691306982991f4e78",
  "pins" : [
    {
      "identity" : "baseapi",
      "kind" : "remoteSourceControl",
      "location" : "https://github.com/serhii-londar/BaseAPI.git",
      "state" : {
        "revision" : "f861b982abc38b75e2c5332e2e333a9da06bcf6a",
        "version" : "0.2.2"
      }
    },
    {
      "identity" : "mobile-sdk-ios",
      "kind" : "remoteSourceControl",
      "location" : "https://github.com/crowdin/mobile-sdk-ios.git",
      "state" : {
        "revision" : "87517b4cf67f76e5db008d11e29a3b3a841a4459",
        "version" : "1.12.2"
      }
    },
    {
      "identity" : "starscream",
      "kind" : "remoteSourceControl",
      "location" : "https://github.com/daltoniam/Starscream.git",
      "state" : {
        "revision" : "c6bfd1af48efcc9a9ad203665db12375ba6b145a",
        "version" : "4.0.8"
      }
    }
  ],
  "version" : 3
}
